
Microsoft Visual Studio Solution File, Format Version 12.00
# Visual Studio 15
VisualStudioVersion = 15.0.27004.2009
MinimumVisualStudioVersion = 10.0.40219.1
Project("{FAE04EC0-301F-11D3-BF4B-00C04F79EFBC}") = "LmsWeb", "LmsWeb\LmsWeb.csproj", "{43C1E35E-179B-4E2A-80EC-6CF36E6DC22B}"
EndProject
Project("{FAE04EC0-301F-11D3-BF4B-00C04F79EFBC}") = "Model", "Model\Model.csproj", "{DF62D3B6-1E1A-45AE-BBBB-40E6972D8A7A}"
EndProject
Project("{FAE04EC0-301F-11D3-BF4B-00C04F79EFBC}") = "Service", "Service\Service.csproj", "{F266832F-0457-4597-B390-60946C4C1007}"
EndProject
Project("{FAE04EC0-301F-11D3-BF4B-00C04F79EFBC}") = "RequestModel", "RequestModel\RequestModel.csproj", "{A54E34C1-69D0-4CCE-A504-48AF1CABA88D}"
EndProject
Project("{FAE04EC0-301F-11D3-BF4B-00C04F79EFBC}") = "ViewModel", "ViewModel\ViewModel.csproj", "{FB03FF6B-514E-440C-87E8-2255B0479A34}"
EndProject
Project("{FAE04EC0-301F-11D3-BF4B-00C04F79EFBC}") = "SeedDataApp", "SeedDataApp\SeedDataApp.csproj", "{8B16CA7A-4B9E-4AE2-8C9A-D5C75589B32B}"
EndProject
Project("{2150E333-8FDC-42A3-9474-1A3956D46DE8}") = "01 Server", "01 Server", "{A3911A5A-CA5E-4011-B1E5-A92D957853DC}"
EndProject
Project("{2150E333-8FDC-42A3-9474-1A3956D46DE8}") = "02 Service", "02 Service", "{BBE7CA1E-170A-4286-8880-798E9BCB2624}"
EndProject
Project("{2150E333-8FDC-42A3-9474-1A3956D46DE8}") = "03 Repository", "03 Repository", "{516C4E9B-6D81-437D-95B6-6021D481EF5B}"
EndProject
Project("{2150E333-8FDC-42A3-9474-1A3956D46DE8}") = "04 Model", "04 Model", "{E51B7FE5-0359-4555-8C6E-1C21979742A9}"
EndProject
Project("{2150E333-8FDC-42A3-9474-1A3956D46DE8}") = "05 Seed", "05 Seed", "{7B9D2225-0021-47EE-B845-6FAB6CB8003A}"
EndProject
Global
	GlobalSection(SolutionConfigurationPlatforms) = preSolution
		Debug|Any CPU = Debug|Any CPU
		Release|Any CPU = Release|Any CPU
	EndGlobalSection
	GlobalSection(ProjectConfigurationPlatforms) = postSolution
		{43C1E35E-179B-4E2A-80EC-6CF36E6DC22B}.Debug|Any CPU.ActiveCfg = Debug|Any CPU
		{43C1E35E-179B-4E2A-80EC-6CF36E6DC22B}.Debug|Any CPU.Build.0 = Debug|Any CPU
		{43C1E35E-179B-4E2A-80EC-6CF36E6DC22B}.Release|Any CPU.ActiveCfg = Release|Any CPU
		{43C1E35E-179B-4E2A-80EC-6CF36E6DC22B}.Release|Any CPU.Build.0 = Release|Any CPU
		{DF62D3B6-1E1A-45AE-BBBB-40E6972D8A7A}.Debug|Any CPU.ActiveCfg = Debug|Any CPU
		{DF62D3B6-1E1A-45AE-BBBB-40E6972D8A7A}.Debug|Any CPU.Build.0 = Debug|Any CPU
		{DF62D3B6-1E1A-45AE-BBBB-40E6972D8A7A}.Release|Any CPU.ActiveCfg = Release|Any CPU
		{DF62D3B6-1E1A-45AE-BBBB-40E6972D8A7A}.Release|Any CPU.Build.0 = Release|Any CPU
		{F266832F-0457-4597-B390-60946C4C1007}.Debug|Any CPU.ActiveCfg = Debug|Any CPU
		{F266832F-0457-4597-B390-60946C4C1007}.Debug|Any CPU.Build.0 = Debug|Any CPU
		{F266832F-0457-4597-B390-60946C4C1007}.Release|Any CPU.ActiveCfg = Release|Any CPU
		{F266832F-0457-4597-B390-60946C4C1007}.Release|Any CPU.Build.0 = Release|Any CPU
		{A54E34C1-69D0-4CCE-A504-48AF1CABA88D}.Debug|Any CPU.ActiveCfg = Debug|Any CPU
		{A54E34C1-69D0-4CCE-A504-48AF1CABA88D}.Debug|Any CPU.Build.0 = Debug|Any CPU
		{A54E34C1-69D0-4CCE-A504-48AF1CABA88D}.Release|Any CPU.ActiveCfg = Release|Any CPU
		{A54E34C1-69D0-4CCE-A504-48AF1CABA88D}.Release|Any CPU.Build.0 = Release|Any CPU
		{FB03FF6B-514E-440C-87E8-2255B0479A34}.Debug|Any CPU.ActiveCfg = Debug|Any CPU
		{FB03FF6B-514E-440C-87E8-2255B0479A34}.Debug|Any CPU.Build.0 = Debug|Any CPU
		{FB03FF6B-514E-440C-87E8-2255B0479A34}.Release|Any CPU.ActiveCfg = Release|Any CPU
		{FB03FF6B-514E-440C-87E8-2255B0479A34}.Release|Any CPU.Build.0 = Release|Any CPU
		{8B16CA7A-4B9E-4AE2-8C9A-D5C75589B32B}.Debug|Any CPU.ActiveCfg = Debug|Any CPU
		{8B16CA7A-4B9E-4AE2-8C9A-D5C75589B32B}.Debug|Any CPU.Build.0 = Debug|Any CPU
		{8B16CA7A-4B9E-4AE2-8C9A-D5C75589B32B}.Release|Any CPU.ActiveCfg = Release|Any CPU
		{8B16CA7A-4B9E-4AE2-8C9A-D5C75589B32B}.Release|Any CPU.Build.0 = Release|Any CPU
	EndGlobalSection
	GlobalSection(SolutionProperties) = preSolution
		HideSolutionNode = FALSE
	EndGlobalSection
	GlobalSection(NestedProjects) = preSolution
		{43C1E35E-179B-4E2A-80EC-6CF36E6DC22B} = {A3911A5A-CA5E-4011-B1E5-A92D957853DC}
		{DF62D3B6-1E1A-45AE-BBBB-40E6972D8A7A} = {E51B7FE5-0359-4555-8C6E-1C21979742A9}
		{F266832F-0457-4597-B390-60946C4C1007} = {BBE7CA1E-170A-4286-8880-798E9BCB2624}
		{A54E34C1-69D0-4CCE-A504-48AF1CABA88D} = {E51B7FE5-0359-4555-8C6E-1C21979742A9}
		{FB03FF6B-514E-440C-87E8-2255B0479A34} = {E51B7FE5-0359-4555-8C6E-1C21979742A9}
		{8B16CA7A-4B9E-4AE2-8C9A-D5C75589B32B} = {7B9D2225-0021-47EE-B845-6FAB6CB8003A}
	EndGlobalSection
	GlobalSection(ExtensibilityGlobals) = postSolution
		SolutionGuid = {6B36638B-3E21-4525-8D2C-EC0910C6924E}
	EndGlobalSection
EndGlobal
